// !$*UTF8*$!
{
	archiveVersion = 1;
	classes = {
	};
	objectVersion = 48;
	objects = {

/* Begin PBXBuildFile section */
		C7AA94B820BDAC9E00E385AF /* AppDelegate.swift in Sources */ = {isa = PBXBuildFile; fileRef = C7AA94B720BDAC9E00E385AF /* AppDelegate.swift */; };
		C7AA94BA20BDAC9E00E385AF /* ViewController.swift in Sources */ = {isa = PBXBuildFile; fileRef = C7AA94B920BDAC9E00E385AF /* ViewController.swift */; };
		C7AA94BD20BDAC9E00E385AF /* Main.storyboard in Resources */ = {isa = PBXBuildFile; fileRef = C7AA94BB20BDAC9E00E385AF /* Main.storyboard */; };
		C7AA94BF20BDAC9E00E385AF /* Assets.xcassets in Resources */ = {isa = PBXBuildFile; fileRef = C7AA94BE20BDAC9E00E385AF /* Assets.xcassets */; };
		C7AA94C220BDAC9E00E385AF /* LaunchScreen.storyboard in Resources */ = {isa = PBXBuildFile; fileRef = C7AA94C020BDAC9E00E385AF /* LaunchScreen.storyboard */; };
		C7AA94CB20BDB15800E385AF /* BorderButton.swift in Sources */ = {isa = PBXBuildFile; fileRef = C7AA94CA20BDB15800E385AF /* BorderButton.swift */; };
/* End PBXBuildFile section */

/* Begin PBXFileReference section */
		C7AA94B420BDAC9E00E385AF /* App-Swoosh.app */ = {isa = PBXFileReference; explicitFileType = wrapper.application; includeInIndex = 0; path = "App-Swoosh.app"; sourceTree = BUILT_PRODUCTS_DIR; };
		C7AA94B720BDAC9E00E385AF /* AppDelegate.swift */ = {isa = PBXFileReference; lastKnownFileType = sourcecode.swift; path = AppDelegate.swift; sourceTree = "<group>"; };
		C7AA94B920BDAC9E00E385AF /* ViewController.swift */ = {isa = PBXFileReference; lastKnownFileType = sourcecode.swift; path = ViewController.swift; sourceTree = "<group>"; };
		C7AA94BC20BDAC9E00E385AF /* Base */ = {isa = PBXFileReference; lastKnownFileType = file.storyboard; name = Base; path = Base.lproj/Main.storyboard; sourceTree = "<group>"; };
		C7AA94BE20BDAC9E00E385AF /* Assets.xcassets */ = {isa = PBXFileReference; lastKnownFileType = folder.assetcatalog; path = Assets.xcassets; sourceTree = "<group>"; };
		C7AA94C120BDAC9E00E385AF /* Base */ = {isa = PBXFileReference; lastKnownFileType = file.storyboard; name = Base; path = Base.lproj/LaunchScreen.storyboard; sourceTree = "<group>"; };
		C7AA94C320BDAC9E00E385AF /* Info.plist */ = {isa = PBXFileReference; lastKnownFileType = text.plist.xml; path = Info.plist; sourceTree = "<group>"; };
		C7AA94CA20BDB15800E385AF /* BorderButton.swift */ = {isa = PBXFileReference; lastKnownFileType = sourcecode.swift; path = BorderButton.swift; sourceTree = "<group>"; };
/* End PBXFileReference section */

/* Begin PBXFrameworksBuildPhase section */
		C7AA94B120BDAC9E00E385AF /* Frameworks */ = {
			isa = PBXFrameworksBuildPhase;
			buildActionMask = 2147483647;
			files = (
			);
			runOnlyForDeploymentPostprocessing = 0;
		};
/* End PBXFrameworksBuildPhase section */

/* Begin PBXGroup section */
		C7AA94AB20BDAC9E00E385AF = {
			isa = PBXGroup;
			children = (
				C7AA94B620BDAC9E00E385AF /* App-Swoosh */,
				C7AA94B520BDAC9E00E385AF /* Products */,
			);
			sourceTree = "<group>";
		};
		C7AA94B520BDAC9E00E385AF /* Products */ = {
			isa = PBXGroup;
			children = (
				C7AA94B420BDAC9E00E385AF /* App-Swoosh.app */,
			);
			name = Products;
			sourceTree = "<group>";
		};
		C7AA94B620BDAC9E00E385AF /* App-Swoosh */ = {
			isa = PBXGroup;
			children = (
				C7AA94C920BDB12600E385AF /* Views */,
				C7AA94B720BDAC9E00E385AF /* AppDelegate.swift */,
				C7AA94B920BDAC9E00E385AF /* ViewController.swift */,
				C7AA94BB20BDAC9E00E385AF /* Main.storyboard */,
				C7AA94BE20BDAC9E00E385AF /* Assets.xcassets */,
				C7AA94C020BDAC9E00E385AF /* LaunchScreen.storyboard */,
				C7AA94C320BDAC9E00E385AF /* Info.plist */,
			);
			path = "App-Swoosh";
			sourceTree = "<group>";
		};
		C7AA94C920BDB12600E385AF /* Views */ = {
			isa = PBXGroup;
			children = (
				C7AA94CA20BDB15800E385AF /* BorderButton.swift */,
			);
			path = Views;
			sourceTree = "<group>";
		};
/* End PBXGroup section */

/* Begin PBXNativeTarget section */
		C7AA94B320BDAC9E00E385AF /* App-Swoosh */ = {
			isa = PBXNativeTarget;
			buildConfigurationList = C7AA94C620BDAC9E00E385AF /* Build configuration list for PBXNativeTarget "App-Swoosh" */;
			buildPhases = (
				C7AA94B020BDAC9E00E385AF /* Sources */,
				C7AA94B120BDAC9E00E385AF /* Frameworks */,
				C7AA94B220BDAC9E00E385AF /* Resources */,
			);
			buildRules = (
			);
			dependencies = (
			);
			name = "App-Swoosh";
			productName = "App-Swoosh";
			productReference = C7AA94B420BDAC9E00E385AF /* App-Swoosh.app */;
			productType = "com.apple.product-type.application";
		};
/* End PBXNativeTarget section */

/* Begin PBXProject section */
		C7AA94AC20BDAC9E00E385AF /* Project object */ = {
			isa = PBXProject;
			attributes = {
				LastSwiftUpdateCheck = 0920;
				LastUpgradeCheck = 0920;
				ORGANIZATIONNAME = h2m;
				TargetAttributes = {
					C7AA94B320BDAC9E00E385AF = {
						CreatedOnToolsVersion = 9.2;
						ProvisioningStyle = Automatic;
					};
				};
			};
			buildConfigurationList = C7AA94AF20BDAC9E00E385AF /* Build configuration list for PBXProject "App-Swoosh" */;
			compatibilityVersion = "Xcode 8.0";
			developmentRegion = en;
			hasScannedForEncodings = 0;
			knownRegions = (
				en,
				Base,
			);
			mainGroup = C7AA94AB20BDAC9E00E385AF;
			productRefGroup = C7AA94B520BDAC9E00E385AF /* Products */;
			projectDirPath = "";
			projectRoot = "";
			targets = (
				C7AA94B320BDAC9E00E385AF /* App-Swoosh */,
			);
		};
/* End PBXProject section */

/* Begin PBXResourcesBuildPhase section */
		C7AA94B220BDAC9E00E385AF /* Resources */ = {
			isa = PBXResourcesBuildPhase;
			buildActionMask = 2147483647;
			files = (
				C7AA94C220BDAC9E00E385AF /* LaunchScreen.storyboard in Resources */,
				C7AA94BF20BDAC9E00E385AF /* Assets.xcassets in Resources */,
				C7AA94BD20BDAC9E00E385AF /* Main.storyboard in Resources */,
			);
			runOnlyForDeploymentPostprocessing = 0;
		};
/* End PBXResourcesBuildPhase section */

/* Begin PBXSourcesBuildPhase section */
		C7AA94B020BDAC9E00E385AF /* Sources */ = {
			isa = PBXSourcesBuildPhase;
			buildActionMask = 2147483647;
			files = (
				C7AA94BA20BDAC9E00E385AF /* ViewController.swift in Sources */,
				C7AA94B820BDAC9E00E385AF /* AppDelegate.swift in Sources */,
				C7AA94CB20BDB15800E385AF /* BorderButton.swift in Sources */,
			);
			runOnlyForDeploymentPostprocessing = 0;
		};
/* End PBXSourcesBuildPhase section */

/* Begin PBXVariantGroup section */
		C7AA94BB20BDAC9E00E385AF /* Main.storyboard */ = {
			isa = PBXVariantGroup;
			children = (
				C7AA94BC20BDAC9E00E385AF /* Base */,
			);
			name = Main.storyboard;
			sourceTree = "<group>";
		};
		C7AA94C020BDAC9E00E385AF /* LaunchScreen.storyboard */ = {
			isa = PBXVariantGroup;
			children = (
				C7AA94C120BDAC9E00E385AF /* Base */,
			);
			name = LaunchScreen.storyboard;
			sourceTree = "<group>";
		};
/* End PBXVariantGroup section */

/* Begin XCBuildConfiguration section */
		C7AA94C420BDAC9E00E385AF /* Debug */ = {
			isa = XCBuildConfiguration;
			buildSettings = {
				ALWAYS_SEARCH_USER_PATHS = NO;
				CLANG_ANALYZER_NONNULL = YES;
				CLANG_ANALYZER_NUMBER_OBJECT_CONVERSION = YES_AGGRESSIVE;
				CLANG_CXX_LANGUAGE_STANDARD = "gnu++14";
				CLANG_CXX_LIBRARY = "libc++";
				CLANG_ENABLE_MODULES = YES;
				CLANG_ENABLE_OBJC_ARC = YES;
				CLANG_WARN_BLOCK_CAPTURE_AUTORELEASING = YES;
				CLANG_WARN_BOOL_CONVERSION = YES;
				CLANG_WARN_COMMA = YES;
				CLANG_WARN_CONSTANT_CONVERSION = YES;
				CLANG_WARN_DIRECT_OBJC_ISA_USAGE = YES_ERROR;
				CLANG_WARN_DOCUMENTATION_COMMENTS = YES;
				CLANG_WARN_EMPTY_BODY = YES;
				CLANG_WARN_ENUM_CONVERSION = YES;
				CLANG_WARN_INFINITE_RECURSION = YES;
				CLANG_WARN_INT_CONVERSION = YES;
				CLANG_WARN_NON_LITERAL_NULL_CONVERSION = YES;
				CLANG_WARN_OBJC_LITERAL_CONVERSION = YES;
				CLANG_WARN_OBJC_ROOT_CLASS = YES_ERROR;
				CLANG_WARN_RANGE_LOOP_ANALYSIS = YES;
				CLANG_WARN_STRICT_PROTOTYPES = YES;
				CLANG_WARN_SUSPICIOUS_MOVE = YES;
				CLANG_WARN_UNGUARDED_AVAILABILITY = YES_AGGRESSIVE;
				CLANG_WARN_UNREACHABLE_CODE = YES;
				CLANG_WARN__DUPLICATE_METHOD_MATCH = YES;
				CODE_SIGN_IDENTITY = "iPhone Developer";
				COPY_PHASE_STRIP = NO;
				DEBUG_INFORMATION_FORMAT = dwarf;
				ENABLE_STRICT_OBJC_MSGSEND = YES;
				ENABLE_TESTABILITY = YES;
				GCC_C_LANGUAGE_STANDARD = gnu11;
				GCC_DYNAMIC_NO_PIC = NO;
				GCC_NO_COMMON_BLOCKS = YES;
				GCC_OPTIMIZATION_LEVEL = 0;
				GCC_PREPROCESSOR_DEFINITIONS = (
					"DEBUG=1",
					"$(inherited)",
				);
				GCC_WARN_64_TO_32_BIT_CONVERSION = YES;
				GCC_WARN_ABOUT_RETURN_TYPE = YES_ERROR;
				GCC_WARN_UNDECLARED_SELECTOR = YES;
				GCC_WARN_UNINITIALIZED_AUTOS = YES_AGGRESSIVE;
				GCC_WARN_UNUSED_FUNCTION = YES;
				GCC_WARN_UNUSED_VARIABLE = YES;
				IPHONEOS_DEPLOYMENT_TARGET = 11.2;
				MTL_ENABLE_DEBUG_INFO = YES;
				ONLY_ACTIVE_ARCH = YES;
				SDKROOT = iphoneos;
				SWIFT_ACTIVE_COMPILATION_CONDITIONS = DEBUG;
				SWIFT_OPTIMIZATION_LEVEL = "-Onone";
			};
			name = Debug;
		};
		C7AA94C520BDAC9E00E385AF /* Release */ = {
			isa = XCBuildConfiguration;
			buildSettings = {
				ALWAYS_SEARCH_USER_PATHS = NO;
				CLANG_ANALYZER_NONNULL = YES;
				CLANG_ANALYZER_NUMBER_OBJECT_CONVERSION = YES_AGGRESSIVE;
				CLANG_CXX_LANGUAGE_STANDARD = "gnu++14";
				CLANG_CXX_LIBRARY = "libc++";
				CLANG_ENABLE_MODULES = YES;
				CLANG_ENABLE_OBJC_ARC = YES;
				CLANG_WARN_BLOCK_CAPTURE_AUTORELEASING = YES;
				CLANG_WARN_BOOL_CONVERSION = YES;
				CLANG_WARN_COMMA = YES;
				CLANG_WARN_CONSTANT_CONVERSION = YES;
				CLANG_WARN_DIRECT_OBJC_ISA_USAGE = YES_ERROR;
				CLANG_WARN_DOCUMENTATION_COMMENTS = YES;
				CLANG_WARN_EMPTY_BODY = YES;
				CLANG_WARN_ENUM_CONVERSION = YES;
				CLANG_WARN_INFINITE_RECURSION = YES;
				CLANG_WARN_INT_CONVERSION = YES;
				CLANG_WARN_NON_LITERAL_NULL_CONVERSION = YES;
				CLANG_WARN_OBJC_LITERAL_CONVERSION = YES;
				CLANG_WARN_OBJC_ROOT_CLASS = YES_ERROR;
				CLANG_WARN_RANGE_LOOP_ANALYSIS = YES;
				CLANG_WARN_STRICT_PROTOTYPES = YES;
				CLANG_WARN_SUSPICIOUS_MOVE = YES;
				CLANG_WARN_UNGUARDED_AVAILABILITY = YES_AGGRESSIVE;
				CLANG_WARN_UNREACHABLE_CODE = YES;
				CLANG_WARN__DUPLICATE_METHOD_MATCH = YES;
				CODE_SIGN_IDENTITY = "iPhone Developer";
				COPY_PHASE_STRIP = NO;
				DEBUG_INFORMATION_FORMAT = "dwarf-with-dsym";
				ENABLE_NS_ASSERTIONS = NO;
				ENABLE_STRICT_OBJC_MSGSEND = YES;
				GCC_C_LANGUAGE_STANDARD = gnu11;
				GCC_NO_COMMON_BLOCKS = YES;
				GCC_WARN_64_TO_32_BIT_CONVERSION = YES;
				GCC_WARN_ABOUT_RETURN_TYPE = YES_ERROR;
				GCC_WARN_UNDECLARED_SELECTOR = YES;
				GCC_WARN_UNINITIALIZED_AUTOS = YES_AGGRESSIVE;
				GCC_WARN_UNUSED_FUNCTION = YES;
				GCC_WARN_UNUSED_VARIABLE = YES;
				IPHONEOS_DEPLOYMENT_TARGET = 11.2;
				MTL_ENABLE_DEBUG_INFO = NO;
				SDKROOT = iphoneos;
				SWIFT_OPTIMIZATION_LEVEL = "-Owholemodule";
				VALIDATE_PRODUCT = YES;
			};
			name = Release;
		};
		C7AA94C720BDAC9E00E385AF /* Debug */ = {
			isa = XCBuildConfiguration;
			buildSettings = {
				ASSETCATALOG_COMPILER_APPICON_NAME = AppIcon;
				CODE_SIGN_STYLE = Automatic;
				DEVELOPMENT_TEAM = NB2JX4B96G;
				INFOPLIST_FILE = "App-Swoosh/Info.plist";
				LD_RUNPATH_SEARCH_PATHS = "$(inherited) @executable_path/Frameworks";
				PRODUCT_BUNDLE_IDENTIFIER = "com.h2m.App-Swoosh";
				PRODUCT_NAME = "$(TARGET_NAME)";
				SWIFT_VERSION = 4.0;
				TARGETED_DEVICE_FAMILY = "1,2";
			};
			name = Debug;
		};
		C7AA94C820BDAC9E00E385AF /* Release */ = {
			isa = XCBuildConfiguration;
			buildSettings = {
				ASSETCATALOG_COMPILER_APPICON_NAME = AppIcon;
				CODE_SIGN_STYLE = Automatic;
				DEVELOPMENT_TEAM = NB2JX4B96G;
				INFOPLIST_FILE = "App-Swoosh/Info.plist";
				LD_RUNPATH_SEARCH_PATHS = "$(inherited) @executable_path/Frameworks";
				PRODUCT_BUNDLE_IDENTIFIER = "com.h2m.App-Swoosh";
				PRODUCT_NAME = "$(TARGET_NAME)";
				SWIFT_VERSION = 4.0;
				TARGETED_DEVICE_FAMILY = "1,2";
			};
			name = Release;
		};
/* End XCBuildConfiguration section */

/* Begin XCConfigurationList section */
		C7AA94AF20BDAC9E00E385AF /* Build configuration list for PBXProject "App-Swoosh" */ = {
			isa = XCConfigurationList;
			buildConfigurations = (
				C7AA94C420BDAC9E00E385AF /* Debug */,
				C7AA94C520BDAC9E00E385AF /* Release */,
			);
			defaultConfigurationIsVisible = 0;
			defaultConfigurationName = Release;
		};
		C7AA94C620BDAC9E00E385AF /* Build configuration list for PBXNativeTarget "App-Swoosh" */ = {
			isa = XCConfigurationList;
			buildConfigurations = (
				C7AA94C720BDAC9E00E385AF /* Debug */,
				C7AA94C820BDAC9E00E385AF /* Release */,
			);
			defaultConfigurationIsVisible = 0;
			defaultConfigurationName = Release;
		};
/* End XCConfigurationList section */
	};
	rootObject = C7AA94AC20BDAC9E00E385AF /* Project object */;
}
